
Microsoft Visual Studio Solution File, Format Version 12.00
# Visual Studio 15
VisualStudioVersion = 15.0.27130.2010
MinimumVisualStudioVersion = 10.0.40219.1
Project("{9A19103F-16F7-4668-BE54-9A1E7A4F7556}") = "Lab 1. ReverseString", "01. Stack-And-Queues\Lab 1. ReverseString.csproj", "{446A54AF-1D29-475D-9E34-FB6EA281E008}"
EndProject
Project("{9A19103F-16F7-4668-BE54-9A1E7A4F7556}") = "Lab 2. SimpleCalculator", "Lab 2. SimpleCalculator\Lab 2. SimpleCalculator.csproj", "{9039E44E-4382-4886-8265-60E244156FC2}"
EndProject
Project("{9A19103F-16F7-4668-BE54-9A1E7A4F7556}") = "Lab 3. DecimalToBinaryConverter", "Lab 3. DecimalToBinaryConverter\Lab 3. DecimalToBinaryConverter.csproj", "{9ABD2739-F607-445E-A301-71C95E46FE4C}"
EndProject
Project("{9A19103F-16F7-4668-BE54-9A1E7A4F7556}") = "Lab 4. MatchingBrackets", "Lab 4. MatchingBrackets\Lab 4. MatchingBrackets.csproj", "{CBBBA437-F80A-4BE3-99F7-652B1BB71D07}"
EndProject
Project("{9A19103F-16F7-4668-BE54-9A1E7A4F7556}") = "Lab 5. HotPotato", "Lab 5. HotPotato\Lab 5. HotPotato.csproj", "{03F0B0B2-2207-4837-912E-109B7EFE38EB}"
EndProject
Project("{9A19103F-16F7-4668-BE54-9A1E7A4F7556}") = "Lab 6. MathPotato", "Lab 6. MathPotato\Lab 6. MathPotato.csproj", "{F80B56E4-F631-49EF-A47B-48105F848F24}"
EndProject
Project("{9A19103F-16F7-4668-BE54-9A1E7A4F7556}") = "Exercises 01. Reverse Numbers with a Stack", "Exercises 01. Reverse Numbers with a Stack\Exercises 01. Reverse Numbers with a Stack.csproj", "{96FC6811-CA00-4D59-B367-E9B56ECC10AD}"
EndProject
Project("{9A19103F-16F7-4668-BE54-9A1E7A4F7556}") = "Exercises 02. Basic Stack Operations", "Exercises 02. Basic Stack Operations\Exercises 02. Basic Stack Operations.csproj", "{9CB536BE-690D-4A95-ACFC-3F8EA15B5081}"
EndProject
Project("{9A19103F-16F7-4668-BE54-9A1E7A4F7556}") = "Exercises 03. Maximum Element", "Exercises 03. Maximum Element\Exercises 03. Maximum Element.csproj", "{5DFF0E4D-6DED-4B99-821F-B95FBBCB4BCC}"
EndProject
Project("{9A19103F-16F7-4668-BE54-9A1E7A4F7556}") = "Exercises 04. Basic Queue Operations", "Exercises 04. Basic Queue Operations\Exercises 04. Basic Queue Operations.csproj", "{671FF530-1940-4D51-8E3C-AA94CAE8F62D}"
EndProject
Project("{9A19103F-16F7-4668-BE54-9A1E7A4F7556}") = "Exercises 05. Calculate Sequence with Queue", "Exercises 05. Calculate Sequence with Queue\Exercises 05. Calculate Sequence with Queue.csproj", "{76D33922-94B2-4ABA-BF34-CCFEB1AD06AB}"
EndProject
Project("{9A19103F-16F7-4668-BE54-9A1E7A4F7556}") = "Exercises 06. Truck Tour", "Exercises 06. Truck Tour\Exercises 06. Truck Tour.csproj", "{F812A2E1-48AE-4739-A809-BE75247000DA}"
EndProject
Project("{9A19103F-16F7-4668-BE54-9A1E7A4F7556}") = "Exercises 07. Balanced Parentheses", "Exercises 07. Balanced Parentheses\Exercises 07. Balanced Parentheses.csproj", "{2C3EF48E-B770-4F9D-9403-4E3FCE421F6E}"
EndProject
Project("{9A19103F-16F7-4668-BE54-9A1E7A4F7556}") = "Exercises 08. Recursive Fibonacci", "Exercises 08. Recursive Fibonacci\Exercises 08. Recursive Fibonacci.csproj", "{B22393FA-92BB-48B3-857C-93E8CB0B06BA}"
EndProject
Project("{9A19103F-16F7-4668-BE54-9A1E7A4F7556}") = "Exercises 09. Simple Text Editor", "Exercises 09. Simple Text Editor\Exercises 09. Simple Text Editor.csproj", "{C54304E5-4848-48A3-8327-DBDD84FBD3CF}"
EndProject
Project("{FAE04EC0-301F-11D3-BF4B-00C04F79EFBC}") = "Exercises 10. Poisonous Plants", "Exercises 10. Poisonous Plants\Exercises 10. Poisonous Plants.csproj", "{8CFE41B0-ED2F-4BA4-A75C-377CBF9B0BC1}"
EndProject
Global
	GlobalSection(SolutionConfigurationPlatforms) = preSolution
		Debug|Any CPU = Debug|Any CPU
		Release|Any CPU = Release|Any CPU
	EndGlobalSection
	GlobalSection(ProjectConfigurationPlatforms) = postSolution
		{446A54AF-1D29-475D-9E34-FB6EA281E008}.Debug|Any CPU.ActiveCfg = Debug|Any CPU
		{446A54AF-1D29-475D-9E34-FB6EA281E008}.Debug|Any CPU.Build.0 = Debug|Any CPU
		{446A54AF-1D29-475D-9E34-FB6EA281E008}.Release|Any CPU.ActiveCfg = Release|Any CPU
		{446A54AF-1D29-475D-9E34-FB6EA281E008}.Release|Any CPU.Build.0 = Release|Any CPU
		{9039E44E-4382-4886-8265-60E244156FC2}.Debug|Any CPU.ActiveCfg = Debug|Any CPU
		{9039E44E-4382-4886-8265-60E244156FC2}.Debug|Any CPU.Build.0 = Debug|Any CPU
		{9039E44E-4382-4886-8265-60E244156FC2}.Release|Any CPU.ActiveCfg = Release|Any CPU
		{9039E44E-4382-4886-8265-60E244156FC2}.Release|Any CPU.Build.0 = Release|Any CPU
		{9ABD2739-F607-445E-A301-71C95E46FE4C}.Debug|Any CPU.ActiveCfg = Debug|Any CPU
		{9ABD2739-F607-445E-A301-71C95E46FE4C}.Debug|Any CPU.Build.0 = Debug|Any CPU
		{9ABD2739-F607-445E-A301-71C95E46FE4C}.Release|Any CPU.ActiveCfg = Release|Any CPU
		{9ABD2739-F607-445E-A301-71C95E46FE4C}.Release|Any CPU.Build.0 = Release|Any CPU
		{CBBBA437-F80A-4BE3-99F7-652B1BB71D07}.Debug|Any CPU.ActiveCfg = Debug|Any CPU
		{CBBBA437-F80A-4BE3-99F7-652B1BB71D07}.Debug|Any CPU.Build.0 = Debug|Any CPU
		{CBBBA437-F80A-4BE3-99F7-652B1BB71D07}.Release|Any CPU.ActiveCfg = Release|Any CPU
		{CBBBA437-F80A-4BE3-99F7-652B1BB71D07}.Release|Any CPU.Build.0 = Release|Any CPU
		{03F0B0B2-2207-4837-912E-109B7EFE38EB}.Debug|Any CPU.ActiveCfg = Debug|Any CPU
		{03F0B0B2-2207-4837-912E-109B7EFE38EB}.Debug|Any CPU.Build.0 = Debug|Any CPU
		{03F0B0B2-2207-4837-912E-109B7EFE38EB}.Release|Any CPU.ActiveCfg = Release|Any CPU
		{03F0B0B2-2207-4837-912E-109B7EFE38EB}.Release|Any CPU.Build.0 = Release|Any CPU
		{F80B56E4-F631-49EF-A47B-48105F848F24}.Debug|Any CPU.ActiveCfg = Debug|Any CPU
		{F80B56E4-F631-49EF-A47B-48105F848F24}.Debug|Any CPU.Build.0 = Debug|Any CPU
		{F80B56E4-F631-49EF-A47B-48105F848F24}.Release|Any CPU.ActiveCfg = Release|Any CPU
		{F80B56E4-F631-49EF-A47B-48105F848F24}.Release|Any CPU.Build.0 = Release|Any CPU
		{96FC6811-CA00-4D59-B367-E9B56ECC10AD}.Debug|Any CPU.ActiveCfg = Debug|Any CPU
		{96FC6811-CA00-4D59-B367-E9B56ECC10AD}.Debug|Any CPU.Build.0 = Debug|Any CPU
		{96FC6811-CA00-4D59-B367-E9B56ECC10AD}.Release|Any CPU.ActiveCfg = Release|Any CPU
		{96FC6811-CA00-4D59-B367-E9B56ECC10AD}.Release|Any CPU.Build.0 = Release|Any CPU
		{9CB536BE-690D-4A95-ACFC-3F8EA15B5081}.Debug|Any CPU.ActiveCfg = Debug|Any CPU
		{9CB536BE-690D-4A95-ACFC-3F8EA15B5081}.Debug|Any CPU.Build.0 = Debug|Any CPU
		{9CB536BE-690D-4A95-ACFC-3F8EA15B5081}.Release|Any CPU.ActiveCfg = Release|Any CPU
		{9CB536BE-690D-4A95-ACFC-3F8EA15B5081}.Release|Any CPU.Build.0 = Release|Any CPU
		{5DFF0E4D-6DED-4B99-821F-B95FBBCB4BCC}.Debug|Any CPU.ActiveCfg = Debug|Any CPU
		{5DFF0E4D-6DED-4B99-821F-B95FBBCB4BCC}.Debug|Any CPU.Build.0 = Debug|Any CPU
		{5DFF0E4D-6DED-4B99-821F-B95FBBCB4BCC}.Release|Any CPU.ActiveCfg = Release|Any CPU
		{5DFF0E4D-6DED-4B99-821F-B95FBBCB4BCC}.Release|Any CPU.Build.0 = Release|Any CPU
		{671FF530-1940-4D51-8E3C-AA94CAE8F62D}.Debug|Any CPU.ActiveCfg = Debug|Any CPU
		{671FF530-1940-4D51-8E3C-AA94CAE8F62D}.Debug|Any CPU.Build.0 = Debug|Any CPU
		{671FF530-1940-4D51-8E3C-AA94CAE8F62D}.Release|Any CPU.ActiveCfg = Release|Any CPU
		{671FF530-1940-4D51-8E3C-AA94CAE8F62D}.Release|Any CPU.Build.0 = Release|Any CPU
		{76D33922-94B2-4ABA-BF34-CCFEB1AD06AB}.Debug|Any CPU.ActiveCfg = Debug|Any CPU
		{76D33922-94B2-4ABA-BF34-CCFEB1AD06AB}.Debug|Any CPU.Build.0 = Debug|Any CPU
		{76D33922-94B2-4ABA-BF34-CCFEB1AD06AB}.Release|Any CPU.ActiveCfg = Release|Any CPU
		{76D33922-94B2-4ABA-BF34-CCFEB1AD06AB}.Release|Any CPU.Build.0 = Release|Any CPU
		{F812A2E1-48AE-4739-A809-BE75247000DA}.Debug|Any CPU.ActiveCfg = Debug|Any CPU
		{F812A2E1-48AE-4739-A809-BE75247000DA}.Debug|Any CPU.Build.0 = Debug|Any CPU
		{F812A2E1-48AE-4739-A809-BE75247000DA}.Release|Any CPU.ActiveCfg = Release|Any CPU
		{F812A2E1-48AE-4739-A809-BE75247000DA}.Release|Any CPU.Build.0 = Release|Any CPU
		{2C3EF48E-B770-4F9D-9403-4E3FCE421F6E}.Debug|Any CPU.ActiveCfg = Debug|Any CPU
		{2C3EF48E-B770-4F9D-9403-4E3FCE421F6E}.Debug|Any CPU.Build.0 = Debug|Any CPU
		{2C3EF48E-B770-4F9D-9403-4E3FCE421F6E}.Release|Any CPU.ActiveCfg = Release|Any CPU
		{2C3EF48E-B770-4F9D-9403-4E3FCE421F6E}.Release|Any CPU.Build.0 = Release|Any CPU
		{B22393FA-92BB-48B3-857C-93E8CB0B06BA}.Debug|Any CPU.ActiveCfg = Debug|Any CPU
		{B22393FA-92BB-48B3-857C-93E8CB0B06BA}.Debug|Any CPU.Build.0 = Debug|Any CPU
		{B22393FA-92BB-48B3-857C-93E8CB0B06BA}.Release|Any CPU.ActiveCfg = Release|Any CPU
		{B22393FA-92BB-48B3-857C-93E8CB0B06BA}.Release|Any CPU.Build.0 = Release|Any CPU
		{C54304E5-4848-48A3-8327-DBDD84FBD3CF}.Debug|Any CPU.ActiveCfg = Debug|Any CPU
		{C54304E5-4848-48A3-8327-DBDD84FBD3CF}.Debug|Any CPU.Build.0 = Debug|Any CPU
		{C54304E5-4848-48A3-8327-DBDD84FBD3CF}.Release|Any CPU.ActiveCfg = Release|Any CPU
		{C54304E5-4848-48A3-8327-DBDD84FBD3CF}.Release|Any CPU.Build.0 = Release|Any CPU
		{8CFE41B0-ED2F-4BA4-A75C-377CBF9B0BC1}.Debug|Any CPU.ActiveCfg = Debug|Any CPU
		{8CFE41B0-ED2F-4BA4-A75C-377CBF9B0BC1}.Debug|Any CPU.Build.0 = Debug|Any CPU
		{8CFE41B0-ED2F-4BA4-A75C-377CBF9B0BC1}.Release|Any CPU.ActiveCfg = Release|Any CPU
		{8CFE41B0-ED2F-4BA4-A75C-377CBF9B0BC1}.Release|Any CPU.Build.0 = Release|Any CPU
	EndGlobalSection
	GlobalSection(SolutionProperties) = preSolution
		HideSolutionNode = FALSE
	EndGlobalSection
	GlobalSection(ExtensibilityGlobals) = postSolution
		SolutionGuid = {CAA30158-31E8-4474-BC45-0930A864A1BB}
	EndGlobalSection
EndGlobal
