
Microsoft Visual Studio Solution File, Format Version 12.00
# Visual Studio 15
VisualStudioVersion = 15.0.27130.2010
MinimumVisualStudioVersion = 10.0.40219.1
Project("{9A19103F-16F7-4668-BE54-9A1E7A4F7556}") = "Lab 1. ReverseString", "01. Stack-And-Queues\Lab 1. ReverseString.csproj", "{446A54AF-1D29-475D-9E34-FB6EA281E008}"
EndProject
Project("{FAE04EC0-301F-11D3-BF4B-00C04F79EFBC}") = "Lab 2. SimpleCalculator", "Lab 2. SimpleCalculator\Lab 2. SimpleCalculator.csproj", "{9039E44E-4382-4886-8265-60E244156FC2}"
EndProject
Project("{FAE04EC0-301F-11D3-BF4B-00C04F79EFBC}") = "Lab 3. DecimalToBinaryConverter", "Lab 3. DecimalToBinaryConverter\Lab 3. DecimalToBinaryConverter.csproj", "{9ABD2739-F607-445E-A301-71C95E46FE4C}"
EndProject
Global
	GlobalSection(SolutionConfigurationPlatforms) = preSolution
		Debug|Any CPU = Debug|Any CPU
		Release|Any CPU = Release|Any CPU
	EndGlobalSection
	GlobalSection(ProjectConfigurationPlatforms) = postSolution
		{446A54AF-1D29-475D-9E34-FB6EA281E008}.Debug|Any CPU.ActiveCfg = Debug|Any CPU
		{446A54AF-1D29-475D-9E34-FB6EA281E008}.Debug|Any CPU.Build.0 = Debug|Any CPU
		{446A54AF-1D29-475D-9E34-FB6EA281E008}.Release|Any CPU.ActiveCfg = Release|Any CPU
		{446A54AF-1D29-475D-9E34-FB6EA281E008}.Release|Any CPU.Build.0 = Release|Any CPU
		{9039E44E-4382-4886-8265-60E244156FC2}.Debug|Any CPU.ActiveCfg = Debug|Any CPU
		{9039E44E-4382-4886-8265-60E244156FC2}.Debug|Any CPU.Build.0 = Debug|Any CPU
		{9039E44E-4382-4886-8265-60E244156FC2}.Release|Any CPU.ActiveCfg = Release|Any CPU
		{9039E44E-4382-4886-8265-60E244156FC2}.Release|Any CPU.Build.0 = Release|Any CPU
		{9ABD2739-F607-445E-A301-71C95E46FE4C}.Debug|Any CPU.ActiveCfg = Debug|Any CPU
		{9ABD2739-F607-445E-A301-71C95E46FE4C}.Debug|Any CPU.Build.0 = Debug|Any CPU
		{9ABD2739-F607-445E-A301-71C95E46FE4C}.Release|Any CPU.ActiveCfg = Release|Any CPU
		{9ABD2739-F607-445E-A301-71C95E46FE4C}.Release|Any CPU.Build.0 = Release|Any CPU
	EndGlobalSection
	GlobalSection(SolutionProperties) = preSolution
		HideSolutionNode = FALSE
	EndGlobalSection
	GlobalSection(ExtensibilityGlobals) = postSolution
		SolutionGuid = {CAA30158-31E8-4474-BC45-0930A864A1BB}
	EndGlobalSection
EndGlobal
