
Microsoft Visual Studio Solution File, Format Version 12.00
# Visual Studio Version 16
VisualStudioVersion = 16.0.30907.101
MinimumVisualStudioVersion = 10.0.40219.1
Project("{9A19103F-16F7-4668-BE54-9A1E7A4F7556}") = "Lab 01. Parking Lot", "Lab 01. Parking Lot\Lab 01. Parking Lot.csproj", "{BC3D1E21-381B-4BFB-8763-406CA6B6ACBC}"
EndProject
Project("{9A19103F-16F7-4668-BE54-9A1E7A4F7556}") = "Lab 02. SoftUni Party", "Lab 02. SoftUni Party\Lab 02. SoftUni Party.csproj", "{0EC02D59-9B54-408D-BECC-3341810152E8}"
EndProject
Project("{9A19103F-16F7-4668-BE54-9A1E7A4F7556}") = "Lab 03. Count Same Values in Array", "Lab 03. Count Same Values in Array\Lab 03. Count Same Values in Array.csproj", "{1A7C7D57-69C4-4B75-85DD-47A920D49999}"
EndProject
Project("{9A19103F-16F7-4668-BE54-9A1E7A4F7556}") = "Lab 04. Academy Graduation", "Lab 04. Academy Graduation\Lab 04. Academy Graduation.csproj", "{9BB57C56-2CCA-4EC4-B24C-DC24BB65FAF5}"
EndProject
Project("{9A19103F-16F7-4668-BE54-9A1E7A4F7556}") = "Problem 01. Unique Usernames", "Problem 01. Unique Usernames\Problem 01. Unique Usernames.csproj", "{DD07CE38-C7F7-47D1-9BCA-D3A11468A60D}"
EndProject
Project("{9A19103F-16F7-4668-BE54-9A1E7A4F7556}") = "Problem 02. Sets of Elements", "Problem 02. Sets of Elements\Problem 02. Sets of Elements.csproj", "{E341B956-60B1-42C2-AB0D-8EA7498D066F}"
EndProject
Project("{9A19103F-16F7-4668-BE54-9A1E7A4F7556}") = "Problem 03. Periodic Table", "Problem 03. Periodic Table\Problem 03. Periodic Table.csproj", "{FB6C324E-4274-4264-B465-43D4A82539F3}"
EndProject
Project("{9A19103F-16F7-4668-BE54-9A1E7A4F7556}") = "Exercises 01. Count Symbols", "Exercises 01. Count Symbols\Exercises 01. Count Symbols.csproj", "{3869A267-3394-4468-A2B1-3199DBED2F06}"
EndProject
Project("{9A19103F-16F7-4668-BE54-9A1E7A4F7556}") = "Exercises 02. Phonebook", "Exercises 02. Phonebook\Exercises 02. Phonebook.csproj", "{2CA91EC8-BA57-42C2-B491-BD3822347134}"
EndProject
Project("{FAE04EC0-301F-11D3-BF4B-00C04F79EFBC}") = "The-V-Logger", "The-V-Logger\The-V-Logger.csproj", "{F9C2AB15-865B-4DFB-B106-A6FCAF983B58}"
EndProject
Global
	GlobalSection(SolutionConfigurationPlatforms) = preSolution
		Debug|Any CPU = Debug|Any CPU
		Release|Any CPU = Release|Any CPU
	EndGlobalSection
	GlobalSection(ProjectConfigurationPlatforms) = postSolution
		{BC3D1E21-381B-4BFB-8763-406CA6B6ACBC}.Debug|Any CPU.ActiveCfg = Debug|Any CPU
		{BC3D1E21-381B-4BFB-8763-406CA6B6ACBC}.Debug|Any CPU.Build.0 = Debug|Any CPU
		{BC3D1E21-381B-4BFB-8763-406CA6B6ACBC}.Release|Any CPU.ActiveCfg = Release|Any CPU
		{BC3D1E21-381B-4BFB-8763-406CA6B6ACBC}.Release|Any CPU.Build.0 = Release|Any CPU
		{0EC02D59-9B54-408D-BECC-3341810152E8}.Debug|Any CPU.ActiveCfg = Debug|Any CPU
		{0EC02D59-9B54-408D-BECC-3341810152E8}.Debug|Any CPU.Build.0 = Debug|Any CPU
		{0EC02D59-9B54-408D-BECC-3341810152E8}.Release|Any CPU.ActiveCfg = Release|Any CPU
		{0EC02D59-9B54-408D-BECC-3341810152E8}.Release|Any CPU.Build.0 = Release|Any CPU
		{1A7C7D57-69C4-4B75-85DD-47A920D49999}.Debug|Any CPU.ActiveCfg = Debug|Any CPU
		{1A7C7D57-69C4-4B75-85DD-47A920D49999}.Debug|Any CPU.Build.0 = Debug|Any CPU
		{1A7C7D57-69C4-4B75-85DD-47A920D49999}.Release|Any CPU.ActiveCfg = Release|Any CPU
		{1A7C7D57-69C4-4B75-85DD-47A920D49999}.Release|Any CPU.Build.0 = Release|Any CPU
		{9BB57C56-2CCA-4EC4-B24C-DC24BB65FAF5}.Debug|Any CPU.ActiveCfg = Debug|Any CPU
		{9BB57C56-2CCA-4EC4-B24C-DC24BB65FAF5}.Debug|Any CPU.Build.0 = Debug|Any CPU
		{9BB57C56-2CCA-4EC4-B24C-DC24BB65FAF5}.Release|Any CPU.ActiveCfg = Release|Any CPU
		{9BB57C56-2CCA-4EC4-B24C-DC24BB65FAF5}.Release|Any CPU.Build.0 = Release|Any CPU
		{DD07CE38-C7F7-47D1-9BCA-D3A11468A60D}.Debug|Any CPU.ActiveCfg = Debug|Any CPU
		{DD07CE38-C7F7-47D1-9BCA-D3A11468A60D}.Debug|Any CPU.Build.0 = Debug|Any CPU
		{DD07CE38-C7F7-47D1-9BCA-D3A11468A60D}.Release|Any CPU.ActiveCfg = Release|Any CPU
		{DD07CE38-C7F7-47D1-9BCA-D3A11468A60D}.Release|Any CPU.Build.0 = Release|Any CPU
		{E341B956-60B1-42C2-AB0D-8EA7498D066F}.Debug|Any CPU.ActiveCfg = Debug|Any CPU
		{E341B956-60B1-42C2-AB0D-8EA7498D066F}.Debug|Any CPU.Build.0 = Debug|Any CPU
		{E341B956-60B1-42C2-AB0D-8EA7498D066F}.Release|Any CPU.ActiveCfg = Release|Any CPU
		{E341B956-60B1-42C2-AB0D-8EA7498D066F}.Release|Any CPU.Build.0 = Release|Any CPU
		{FB6C324E-4274-4264-B465-43D4A82539F3}.Debug|Any CPU.ActiveCfg = Debug|Any CPU
		{FB6C324E-4274-4264-B465-43D4A82539F3}.Debug|Any CPU.Build.0 = Debug|Any CPU
		{FB6C324E-4274-4264-B465-43D4A82539F3}.Release|Any CPU.ActiveCfg = Release|Any CPU
		{FB6C324E-4274-4264-B465-43D4A82539F3}.Release|Any CPU.Build.0 = Release|Any CPU
		{3869A267-3394-4468-A2B1-3199DBED2F06}.Debug|Any CPU.ActiveCfg = Debug|Any CPU
		{3869A267-3394-4468-A2B1-3199DBED2F06}.Debug|Any CPU.Build.0 = Debug|Any CPU
		{3869A267-3394-4468-A2B1-3199DBED2F06}.Release|Any CPU.ActiveCfg = Release|Any CPU
		{3869A267-3394-4468-A2B1-3199DBED2F06}.Release|Any CPU.Build.0 = Release|Any CPU
		{2CA91EC8-BA57-42C2-B491-BD3822347134}.Debug|Any CPU.ActiveCfg = Debug|Any CPU
		{2CA91EC8-BA57-42C2-B491-BD3822347134}.Debug|Any CPU.Build.0 = Debug|Any CPU
		{2CA91EC8-BA57-42C2-B491-BD3822347134}.Release|Any CPU.ActiveCfg = Release|Any CPU
		{2CA91EC8-BA57-42C2-B491-BD3822347134}.Release|Any CPU.Build.0 = Release|Any CPU
		{F9C2AB15-865B-4DFB-B106-A6FCAF983B58}.Debug|Any CPU.ActiveCfg = Debug|Any CPU
		{F9C2AB15-865B-4DFB-B106-A6FCAF983B58}.Debug|Any CPU.Build.0 = Debug|Any CPU
		{F9C2AB15-865B-4DFB-B106-A6FCAF983B58}.Release|Any CPU.ActiveCfg = Release|Any CPU
		{F9C2AB15-865B-4DFB-B106-A6FCAF983B58}.Release|Any CPU.Build.0 = Release|Any CPU
	EndGlobalSection
	GlobalSection(SolutionProperties) = preSolution
		HideSolutionNode = FALSE
	EndGlobalSection
	GlobalSection(ExtensibilityGlobals) = postSolution
		SolutionGuid = {30B530FD-D5BA-4D58-9866-BC15BE90E549}
	EndGlobalSection
EndGlobal
