
Microsoft Visual Studio Solution File, Format Version 12.00
# Visual Studio 15
VisualStudioVersion = 15.0.27130.2010
MinimumVisualStudioVersion = 10.0.40219.1
Project("{FAE04EC0-301F-11D3-BF4B-00C04F79EFBC}") = "Lab 01. Parking Lot", "Lab 01. Parking Lot\Lab 01. Parking Lot.csproj", "{BC3D1E21-381B-4BFB-8763-406CA6B6ACBC}"
EndProject
Global
	GlobalSection(SolutionConfigurationPlatforms) = preSolution
		Debug|Any CPU = Debug|Any CPU
		Release|Any CPU = Release|Any CPU
	EndGlobalSection
	GlobalSection(ProjectConfigurationPlatforms) = postSolution
		{BC3D1E21-381B-4BFB-8763-406CA6B6ACBC}.Debug|Any CPU.ActiveCfg = Debug|Any CPU
		{BC3D1E21-381B-4BFB-8763-406CA6B6ACBC}.Debug|Any CPU.Build.0 = Debug|Any CPU
		{BC3D1E21-381B-4BFB-8763-406CA6B6ACBC}.Release|Any CPU.ActiveCfg = Release|Any CPU
		{BC3D1E21-381B-4BFB-8763-406CA6B6ACBC}.Release|Any CPU.Build.0 = Release|Any CPU
	EndGlobalSection
	GlobalSection(SolutionProperties) = preSolution
		HideSolutionNode = FALSE
	EndGlobalSection
	GlobalSection(ExtensibilityGlobals) = postSolution
		SolutionGuid = {30B530FD-D5BA-4D58-9866-BC15BE90E549}
	EndGlobalSection
EndGlobal
